
Microsoft Visual Studio Solution File, Format Version 12.00
# Visual Studio Version 17
VisualStudioVersion = 17.14.36121.58 d17.14
MinimumVisualStudioVersion = 10.0.40219.1
Project("{F184B08F-C81C-45F6-A57F-5ABD9991F28F}") = "BoardingHouse_", "BoardingHouse_.vbproj", "{F49C3301-E471-452E-B67F-4D4A8AD7B9EC}"
EndProject
Global
	GlobalSection(SolutionConfigurationPlatforms) = preSolution
		Debug|Any CPU = Debug|Any CPU
		Release|Any CPU = Release|Any CPU
	EndGlobalSection
	GlobalSection(ProjectConfigurationPlatforms) = postSolution
		{F49C3301-E471-452E-B67F-4D4A8AD7B9EC}.Debug|Any CPU.ActiveCfg = Debug|Any CPU
		{F49C3301-E471-452E-B67F-4D4A8AD7B9EC}.Debug|Any CPU.Build.0 = Debug|Any CPU
		{F49C3301-E471-452E-B67F-4D4A8AD7B9EC}.Release|Any CPU.ActiveCfg = Release|Any CPU
		{F49C3301-E471-452E-B67F-4D4A8AD7B9EC}.Release|Any CPU.Build.0 = Release|Any CPU
	EndGlobalSection
	GlobalSection(SolutionProperties) = preSolution
		HideSolutionNode = FALSE
	EndGlobalSection
	GlobalSection(ExtensibilityGlobals) = postSolution
		SolutionGuid = {54735749-3E02-47A2-871E-4393E10F138A}
	EndGlobalSection
EndGlobal
